
Microsoft Visual Studio Solution File, Format Version 12.00
# Visual Studio Version 16
VisualStudioVersion = 16.0.31005.135
MinimumVisualStudioVersion = 10.0.40219.1
Project("{FAE04EC0-301F-11D3-BF4B-00C04F79EFBC}") = "13.09.2022ornek", "13.09.2022ornek.csproj", "{FACB07F1-340E-4E69-8E9B-66DC0F50760F}"
EndProject
Global
	GlobalSection(SolutionConfigurationPlatforms) = preSolution
		Debug|Any CPU = Debug|Any CPU
		Release|Any CPU = Release|Any CPU
	EndGlobalSection
	GlobalSection(ProjectConfigurationPlatforms) = postSolution
		{FACB07F1-340E-4E69-8E9B-66DC0F50760F}.Debug|Any CPU.ActiveCfg = Debug|Any CPU
		{FACB07F1-340E-4E69-8E9B-66DC0F50760F}.Debug|Any CPU.Build.0 = Debug|Any CPU
		{FACB07F1-340E-4E69-8E9B-66DC0F50760F}.Release|Any CPU.ActiveCfg = Release|Any CPU
		{FACB07F1-340E-4E69-8E9B-66DC0F50760F}.Release|Any CPU.Build.0 = Release|Any CPU
	EndGlobalSection
	GlobalSection(SolutionProperties) = preSolution
		HideSolutionNode = FALSE
	EndGlobalSection
	GlobalSection(ExtensibilityGlobals) = postSolution
		SolutionGuid = {88749D42-806E-4FCF-BC87-7AEE3D9A8B4D}
	EndGlobalSection
EndGlobal
