
Microsoft Visual Studio Solution File, Format Version 12.00
# Visual Studio Version 16
VisualStudioVersion = 16.0.31005.135
MinimumVisualStudioVersion = 10.0.40219.1
Project("{FAE04EC0-301F-11D3-BF4B-00C04F79EFBC}") = "Attributes", "Attributes.csproj", "{615E835A-4C52-4F4D-BD73-2D03455D5795}"
EndProject
Project("{FAE04EC0-301F-11D3-BF4B-00C04F79EFBC}") = "Reflection", "..\Reflection\Reflection.csproj", "{5CE47B2F-EE98-4AA9-A5D6-9920C18ED22C}"
EndProject
Global
	GlobalSection(SolutionConfigurationPlatforms) = preSolution
		Debug|Any CPU = Debug|Any CPU
		Release|Any CPU = Release|Any CPU
	EndGlobalSection
	GlobalSection(ProjectConfigurationPlatforms) = postSolution
		{615E835A-4C52-4F4D-BD73-2D03455D5795}.Debug|Any CPU.ActiveCfg = Debug|Any CPU
		{615E835A-4C52-4F4D-BD73-2D03455D5795}.Debug|Any CPU.Build.0 = Debug|Any CPU
		{615E835A-4C52-4F4D-BD73-2D03455D5795}.Release|Any CPU.ActiveCfg = Release|Any CPU
		{615E835A-4C52-4F4D-BD73-2D03455D5795}.Release|Any CPU.Build.0 = Release|Any CPU
		{5CE47B2F-EE98-4AA9-A5D6-9920C18ED22C}.Debug|Any CPU.ActiveCfg = Debug|Any CPU
		{5CE47B2F-EE98-4AA9-A5D6-9920C18ED22C}.Debug|Any CPU.Build.0 = Debug|Any CPU
		{5CE47B2F-EE98-4AA9-A5D6-9920C18ED22C}.Release|Any CPU.ActiveCfg = Release|Any CPU
		{5CE47B2F-EE98-4AA9-A5D6-9920C18ED22C}.Release|Any CPU.Build.0 = Release|Any CPU
	EndGlobalSection
	GlobalSection(SolutionProperties) = preSolution
		HideSolutionNode = FALSE
	EndGlobalSection
	GlobalSection(ExtensibilityGlobals) = postSolution
		SolutionGuid = {61D9740B-E497-4BFA-B600-ECA42BDB8BF2}
	EndGlobalSection
EndGlobal
