
Microsoft Visual Studio Solution File, Format Version 12.00
# Visual Studio Version 16
VisualStudioVersion = 16.0.31005.135
MinimumVisualStudioVersion = 10.0.40219.1
Project("{FAE04EC0-301F-11D3-BF4B-00C04F79EFBC}") = "metot2", "metot2.csproj", "{A8039A08-CA1B-433B-931F-51103AFF1554}"
EndProject
Global
	GlobalSection(SolutionConfigurationPlatforms) = preSolution
		Debug|Any CPU = Debug|Any CPU
		Release|Any CPU = Release|Any CPU
	EndGlobalSection
	GlobalSection(ProjectConfigurationPlatforms) = postSolution
		{A8039A08-CA1B-433B-931F-51103AFF1554}.Debug|Any CPU.ActiveCfg = Debug|Any CPU
		{A8039A08-CA1B-433B-931F-51103AFF1554}.Debug|Any CPU.Build.0 = Debug|Any CPU
		{A8039A08-CA1B-433B-931F-51103AFF1554}.Release|Any CPU.ActiveCfg = Release|Any CPU
		{A8039A08-CA1B-433B-931F-51103AFF1554}.Release|Any CPU.Build.0 = Release|Any CPU
	EndGlobalSection
	GlobalSection(SolutionProperties) = preSolution
		HideSolutionNode = FALSE
	EndGlobalSection
	GlobalSection(ExtensibilityGlobals) = postSolution
		SolutionGuid = {50CE1FDD-3936-4A5E-9987-5A6A68EA0737}
	EndGlobalSection
EndGlobal
